{
	"name": "vscode-apache-dispatcher-config-language-support",
	"version": "1.0.3",
	"lockfileVersion": 2,
	"requires": true,
	"packages": {
		"": {
			"name": "vscode-apache-dispatcher-config-language-support",
			"version": "1.0.3",
			"license": "MIT",
			"engines": {
				"vscode": "^1.81.0"
			}
		}
	}
}
